
Microsoft Visual Studio Solution File, Format Version 12.00
# Visual Studio Version 17
VisualStudioVersion = 17.7.34221.43
MinimumVisualStudioVersion = 10.0.40219.1
Project("{FAE04EC0-301F-11D3-BF4B-00C04F79EFBC}") = "carrosRegistro", "carrosRegistro\carrosRegistro.csproj", "{2BB3F603-8EA7-4D96-ACB5-BB053C65E599}"
EndProject
Global
	GlobalSection(SolutionConfigurationPlatforms) = preSolution
		Debug|Any CPU = Debug|Any CPU
		Release|Any CPU = Release|Any CPU
	EndGlobalSection
	GlobalSection(ProjectConfigurationPlatforms) = postSolution
		{2BB3F603-8EA7-4D96-ACB5-BB053C65E599}.Debug|Any CPU.ActiveCfg = Debug|Any CPU
		{2BB3F603-8EA7-4D96-ACB5-BB053C65E599}.Debug|Any CPU.Build.0 = Debug|Any CPU
		{2BB3F603-8EA7-4D96-ACB5-BB053C65E599}.Release|Any CPU.ActiveCfg = Release|Any CPU
		{2BB3F603-8EA7-4D96-ACB5-BB053C65E599}.Release|Any CPU.Build.0 = Release|Any CPU
	EndGlobalSection
	GlobalSection(SolutionProperties) = preSolution
		HideSolutionNode = FALSE
	EndGlobalSection
	GlobalSection(ExtensibilityGlobals) = postSolution
		SolutionGuid = {01C2A616-D573-4F95-AF55-366E326B09F2}
	EndGlobalSection
EndGlobal
